<?xml version="1.0" encoding="utf-8"?>
<Project ToolsVersion="4.0" xmlns="http://schemas.microsoft.com/developer/msbuild/2003">
  <ItemGroup>
    <Filter Include="ヘッダー ファイル">
      <UniqueIdentifier>{93995380-89BD-4b04-88EB-625FBE52EBFB}</UniqueIdentifier>
      <Extensions>h;hh;hpp;hxx;hm;inl;inc;xsd</Extensions>
    </Filter>
    <Filter Include="リソース ファイル">
      <UniqueIdentifier>{67DA6AB6-F800-4c08-8B7A-83BB121AAD01}</UniqueIdentifier>
      <Extensions>rc;ico;cur;bmp;dlg;rc2;rct;bin;rgs;gif;jpg;jpeg;jpe;resx;tiff;tif;png;wav;mfcribbon-ms</Extensions>
    </Filter>
    <Filter Include="キャラクタ">
      <UniqueIdentifier>{44533af8-747b-4217-a426-ba379288e0c8}</UniqueIdentifier>
    </Filter>
    <Filter Include="操作">
      <UniqueIdentifier>{2c9297f8-682c-4eaa-a346-f555b3fc451f}</UniqueIdentifier>
    </Filter>
    <Filter Include="シーンマネージャ">
      <UniqueIdentifier>{f1835600-c467-4a14-9740-4a6cbd754f39}</UniqueIdentifier>
    </Filter>
    <Filter Include="タスクマネージャ">
      <UniqueIdentifier>{5d19202d-2873-4f36-bec2-f10536eaa81f}</UniqueIdentifier>
    </Filter>
    <Filter Include="背景・UI・テクスチャ">
      <UniqueIdentifier>{dfdce0e4-1ed8-47db-9a0d-8326531b746d}</UniqueIdentifier>
    </Filter>
    <Filter Include="ゲームメイン">
      <UniqueIdentifier>{26f475d8-585f-4ac8-b650-9b9bc16f4024}</UniqueIdentifier>
    </Filter>
    <Filter Include="モデル">
      <UniqueIdentifier>{4FC737F1-C7A5-4376-A066-2A32D752A2FF}</UniqueIdentifier>
      <Extensions>cpp;c;cc;cxx;def;odl;idl;hpj;bat;asm;asmx</Extensions>
    </Filter>
  </ItemGroup>
  <ItemGroup>
    <ClCompile Include="src\CPlayer.cpp">
      <Filter>キャラクタ</Filter>
    </ClCompile>
    <ClCompile Include="src\CEnemy.cpp">
      <Filter>キャラクタ</Filter>
    </ClCompile>
    <ClCompile Include="src\CBackGround.cpp">
      <Filter>背景・UI・テクスチャ</Filter>
    </ClCompile>
    <ClCompile Include="src\CText.cpp">
      <Filter>背景・UI・テクスチャ</Filter>
    </ClCompile>
    <ClCompile Include="src\CKey.cpp">
      <Filter>操作</Filter>
    </ClCompile>
    <ClCompile Include="src\CTexture.cpp">
      <Filter>背景・UI・テクスチャ</Filter>
    </ClCompile>
    <ClCompile Include="src\CBullet.cpp">
      <Filter>キャラクタ</Filter>
    </ClCompile>
    <ClCompile Include="src\CSceneTitle.cpp">
      <Filter>シーンマネージャ</Filter>
    </ClCompile>
    <ClCompile Include="src\CSceneManager.cpp">
      <Filter>シーンマネージャ</Filter>
    </ClCompile>
    <ClCompile Include="src\CGameUi.cpp">
      <Filter>背景・UI・テクスチャ</Filter>
    </ClCompile>
    <ClCompile Include="src\CTaskManager.cpp">
      <Filter>タスクマネージャ</Filter>
    </ClCompile>
    <ClCompile Include="src\CSceneGame.cpp">
      <Filter>ゲームメイン</Filter>
    </ClCompile>
    <ClCompile Include="src\main.cpp">
      <Filter>ゲームメイン</Filter>
    </ClCompile>
    <ClCompile Include="src\Update.cpp">
      <Filter>シーンマネージャ</Filter>
    </ClCompile>
    <ClCompile Include="src\CRectangle.cpp">
      <Filter>モデル</Filter>
    </ClCompile>
    <ClCompile Include="src\CMap.cpp">
      <Filter>ヘッダー ファイル</Filter>
    </ClCompile>
  </ItemGroup>
  <ItemGroup>
    <ClInclude Include="src\CSound.h">
      <Filter>ヘッダー ファイル</Filter>
    </ClInclude>
    <ClInclude Include="src\CMap.h">
      <Filter>ヘッダー ファイル</Filter>
    </ClInclude>
    <ClInclude Include="src\CDriverSatou.h">
      <Filter>ヘッダー ファイル</Filter>
    </ClInclude>
    <ClInclude Include="src\CDriverFukushima.h">
      <Filter>ヘッダー ファイル</Filter>
    </ClInclude>
    <ClInclude Include="src\CPlayer.h">
      <Filter>キャラクタ</Filter>
    </ClInclude>
    <ClInclude Include="src\CEnemy.h">
      <Filter>キャラクタ</Filter>
    </ClInclude>
    <ClInclude Include="src\CBullet.h">
      <Filter>キャラクタ</Filter>
    </ClInclude>
    <ClInclude Include="src\CBackGround.h">
      <Filter>背景・UI・テクスチャ</Filter>
    </ClInclude>
    <ClInclude Include="src\CText.h">
      <Filter>背景・UI・テクスチャ</Filter>
    </ClInclude>
    <ClInclude Include="src\CKey.h">
      <Filter>操作</Filter>
    </ClInclude>
    <ClInclude Include="src\CTexture.h">
      <Filter>背景・UI・テクスチャ</Filter>
    </ClInclude>
    <ClInclude Include="src\CGameUi.h">
      <Filter>背景・UI・テクスチャ</Filter>
    </ClInclude>
    <ClInclude Include="src\CScene.h">
      <Filter>シーンマネージャ</Filter>
    </ClInclude>
    <ClInclude Include="src\CSceneManager.h">
      <Filter>シーンマネージャ</Filter>
    </ClInclude>
    <ClInclude Include="src\CTaskManager.h">
      <Filter>タスクマネージャ</Filter>
    </ClInclude>
    <ClInclude Include="src\CSceneTitle.h">
      <Filter>シーンマネージャ</Filter>
    </ClInclude>
    <ClInclude Include="src\CTask.h">
      <Filter>タスクマネージャ</Filter>
    </ClInclude>
    <ClInclude Include="src\CSceneGame.h">
      <Filter>ゲームメイン</Filter>
    </ClInclude>
    <ClInclude Include="src\Update.h">
      <Filter>シーンマネージャ</Filter>
    </ClInclude>
    <ClInclude Include="src\CRectangle.h">
      <Filter>モデル</Filter>
    </ClInclude>
  </ItemGroup>
</Project>